// !$*UTF8*$!
{
	archiveVersion = 1;
	classes = {
	};
	objectVersion = 46;
	objects = {

/* Begin PBXBuildFile section */
		345BB07F1A041FFE0056330A /* main.m in Sources */ = {isa = PBXBuildFile; fileRef = 345BB07E1A041FFE0056330A /* main.m */; };
		345BB0821A041FFE0056330A /* AppDelegate.m in Sources */ = {isa = PBXBuildFile; fileRef = 345BB0811A041FFE0056330A /* AppDelegate.m */; };
		345BB0851A041FFE0056330A /* ViewController.m in Sources */ = {isa = PBXBuildFile; fileRef = 345BB0841A041FFE0056330A /* ViewController.m */; };
		345BB0881A041FFE0056330A /* Main.storyboard in Resources */ = {isa = PBXBuildFile; fileRef = 345BB0861A041FFE0056330A /* Main.storyboard */; };
		345BB08A1A041FFE0056330A /* Images.xcassets in Resources */ = {isa = PBXBuildFile; fileRef = 345BB0891A041FFE0056330A /* Images.xcassets */; };
		345BB08D1A041FFE0056330A /* LaunchScreen.xib in Resources */ = {isa = PBXBuildFile; fileRef = 345BB08B1A041FFE0056330A /* LaunchScreen.xib */; };
		345BB0991A041FFE0056330A /* Secure_PhotosTests.m in Sources */ = {isa = PBXBuildFile; fileRef = 345BB0981A041FFE0056330A /* Secure_PhotosTests.m */; };
		345BB0A31A04205F0056330A /* MobileCoreServices.framework in Frameworks */ = {isa = PBXBuildFile; fileRef = 345BB0A21A04205F0056330A /* MobileCoreServices.framework */; };
		345BB0FB1A04224A0056330A /* .gitignore in Resources */ = {isa = PBXBuildFile; fileRef = 345BB0A51A04224A0056330A /* .gitignore */; };
		345BB0FC1A04224A0056330A /* .gitmodules in Resources */ = {isa = PBXBuildFile; fileRef = 345BB0A61A04224A0056330A /* .gitmodules */; };
		345BB0FD1A04224A0056330A /* .travis.yml in Resources */ = {isa = PBXBuildFile; fileRef = 345BB0A71A04224A0056330A /* .travis.yml */; };
		345BB0FE1A04224A0056330A /* AppledocSettings.plist in Resources */ = {isa = PBXBuildFile; fileRef = 345BB0A81A04224A0056330A /* AppledocSettings.plist */; };
		345BB0FF1A04224A0056330A /* Changelog.md in Sources */ = {isa = PBXBuildFile; fileRef = 345BB0A91A04224A0056330A /* Changelog.md */; };
		345BB1001A04224A0056330A /* README.md in Sources */ = {isa = PBXBuildFile; fileRef = 345BB0AA1A04224A0056330A /* README.md */; };
		345BB1011A04224A0056330A /* main.m in Sources */ = {isa = PBXBuildFile; fileRef = 345BB0AC1A04224A0056330A /* main.m */; };
		345BB1021A04224A0056330A /* main.m in Sources */ = {isa = PBXBuildFile; fileRef = 345BB0AE1A04224A0056330A /* main.m */; };
		345BB1031A04224A0056330A /* rncrypt.1 in Resources */ = {isa = PBXBuildFile; fileRef = 345BB0B01A04224A0056330A /* rncrypt.1 */; };
		345BB1041A04224A0056330A /* RNCryptor.m in Sources */ = {isa = PBXBuildFile; fileRef = 345BB0B91A04224A0056330A /* RNCryptor.m */; };
		345BB1051A04224A0056330A /* RNCryptorEngine.m in Sources */ = {isa = PBXBuildFile; fileRef = 345BB0BB1A04224A0056330A /* RNCryptorEngine.m */; };
		345BB1061A04224A0056330A /* RNDecryptor.m in Sources */ = {isa = PBXBuildFile; fileRef = 345BB0BD1A04224A0056330A /* RNDecryptor.m */; };
		345BB1071A04224A0056330A /* RNEncryptor.m in Sources */ = {isa = PBXBuildFile; fileRef = 345BB0BF1A04224A0056330A /* RNEncryptor.m */; };
		345BB1081A04224A0056330A /* InfoPlist.strings in Resources */ = {isa = PBXBuildFile; fileRef = 345BB0C11A04224A0056330A /* InfoPlist.strings */; };
		345BB1091A04224A0056330A /* RNCryptor OS X-Info.plist in Resources */ = {isa = PBXBuildFile; fileRef = 345BB0C31A04224A0056330A /* RNCryptor OS X-Info.plist */; };
		345BB10A1A04224A0056330A /* RNCryptor.podspec in Resources */ = {isa = PBXBuildFile; fileRef = 345BB0C51A04224A0056330A /* RNCryptor.podspec */; };
		345BB10B1A04224A0056330A /* InfoPlist.strings in Resources */ = {isa = PBXBuildFile; fileRef = 345BB0CA1A04224A0056330A /* InfoPlist.strings */; };
		345BB10C1A04224A0056330A /* RNCryptorGeneratedVectorTests.m in Sources */ = {isa = PBXBuildFile; fileRef = 345BB0CD1A04224A0056330A /* RNCryptorGeneratedVectorTests.m */; };
		345BB10D1A04224A0056330A /* GenVectorTests in Resources */ = {isa = PBXBuildFile; fileRef = 345BB0CE1A04224A0056330A /* GenVectorTests */; };
		345BB10E1A04224A0056330A /* openssl.enc in Resources */ = {isa = PBXBuildFile; fileRef = 345BB0CF1A04224A0056330A /* openssl.enc */; };
		345BB10F1A04224A0056330A /* README.md in Sources */ = {isa = PBXBuildFile; fileRef = 345BB0D01A04224A0056330A /* README.md */; };
		345BB1101A04224A0056330A /* RNCryptorTestHelpers.m in Sources */ = {isa = PBXBuildFile; fileRef = 345BB0D21A04224A0056330A /* RNCryptorTestHelpers.m */; };
		345BB1111A04224A0056330A /* RNCryptorTests-Info.plist in Resources */ = {isa = PBXBuildFile; fileRef = 345BB0D31A04224A0056330A /* RNCryptorTests-Info.plist */; };
		345BB1121A04224A0056330A /* RNCryptorTests.m in Sources */ = {isa = PBXBuildFile; fileRef = 345BB0D41A04224A0056330A /* RNCryptorTests.m */; };
		345BB1131A04224A0056330A /* RNOpenSSLTests.m in Sources */ = {isa = PBXBuildFile; fileRef = 345BB0D61A04224A0056330A /* RNOpenSSLTests.m */; };
		345BB1141A04224A0056330A /* XCTestCase+RNCryptorVectorTests.m in Sources */ = {isa = PBXBuildFile; fileRef = 345BB0D81A04224A0056330A /* XCTestCase+RNCryptorVectorTests.m */; };
		345BB1151A04224A0056330A /* RNCryptorV1.enc in Resources */ = {isa = PBXBuildFile; fileRef = 345BB0D91A04224A0056330A /* RNCryptorV1.enc */; };
		345BB1161A04224A0056330A /* .gitignore in Resources */ = {isa = PBXBuildFile; fileRef = 345BB0DC1A04224A0056330A /* .gitignore */; };
		345BB1171A04224A0056330A /* Images.xcassets in Resources */ = {isa = PBXBuildFile; fileRef = 345BB0DF1A04224A0056330A /* Images.xcassets */; };
		345BB1181A04224A0056330A /* main.m in Sources */ = {isa = PBXBuildFile; fileRef = 345BB0E01A04224A0056330A /* main.m */; };
		345BB1191A04224A0056330A /* SSAppDelegate.m in Sources */ = {isa = PBXBuildFile; fileRef = 345BB0E21A04224A0056330A /* SSAppDelegate.m */; };
		345BB11A1A04224A0056330A /* SSKeychain-Info.plist in Resources */ = {isa = PBXBuildFile; fileRef = 345BB0E31A04224A0056330A /* SSKeychain-Info.plist */; };
		345BB11B1A04224A0056330A /* MainMenu.xib in Resources */ = {isa = PBXBuildFile; fileRef = 345BB0E51A04224A0056330A /* MainMenu.xib */; };
		345BB11C1A04224A0056330A /* main.m in Sources */ = {isa = PBXBuildFile; fileRef = 345BB0E71A04224A0056330A /* main.m */; };
		345BB11D1A04224A0056330A /* SSKeychainMac-Info.plist in Resources */ = {isa = PBXBuildFile; fileRef = 345BB0E81A04224A0056330A /* SSKeychainMac-Info.plist */; };
		345BB11E1A04224A0056330A /* SSKeychainMac.entitlements in Resources */ = {isa = PBXBuildFile; fileRef = 345BB0E91A04224A0056330A /* SSKeychainMac.entitlements */; };
		345BB11F1A04224A0056330A /* LICENSE in Resources */ = {isa = PBXBuildFile; fileRef = 345BB0EA1A04224A0056330A /* LICENSE */; };
		345BB1201A04224A0056330A /* Readme.markdown in Sources */ = {isa = PBXBuildFile; fileRef = 345BB0EB1A04224A0056330A /* Readme.markdown */; };
		345BB1211A04224A0056330A /* SSKeychain.strings in Resources */ = {isa = PBXBuildFile; fileRef = 345BB0ED1A04224A0056330A /* SSKeychain.strings */; };
		345BB1221A04224A0056330A /* SSKeychain.m in Sources */ = {isa = PBXBuildFile; fileRef = 345BB0F01A04224A0056330A /* SSKeychain.m */; };
		345BB1231A04224A0056330A /* SSKeychainQuery.m in Sources */ = {isa = PBXBuildFile; fileRef = 345BB0F21A04224A0056330A /* SSKeychainQuery.m */; };
		345BB1241A04224A0056330A /* SSKeychain.podspec in Resources */ = {isa = PBXBuildFile; fileRef = 345BB0F31A04224A0056330A /* SSKeychain.podspec */; };
		345BB1251A04224A0056330A /* SSKeychainMacTests-Info.plist in Resources */ = {isa = PBXBuildFile; fileRef = 345BB0F81A04224A0056330A /* SSKeychainMacTests-Info.plist */; };
		345BB1261A04224A0056330A /* SSKeychainTests-Info.plist in Resources */ = {isa = PBXBuildFile; fileRef = 345BB0F91A04224A0056330A /* SSKeychainTests-Info.plist */; };
		345BB1271A04224A0056330A /* SSKeychainTests.m in Sources */ = {isa = PBXBuildFile; fileRef = 345BB0FA1A04224A0056330A /* SSKeychainTests.m */; };
		345BB1451A0424E20056330A /* PhotosViewController.m in Sources */ = {isa = PBXBuildFile; fileRef = 345BB1441A0424E20056330A /* PhotosViewController.m */; };
		345BB1481A0425280056330A /* PhotoCollectionViewCell.m in Sources */ = {isa = PBXBuildFile; fileRef = 345BB1471A0425280056330A /* PhotoCollectionViewCell.m */; };
/* End PBXBuildFile section */

/* Begin PBXContainerItemProxy section */
		345BB0931A041FFE0056330A /* PBXContainerItemProxy */ = {
			isa = PBXContainerItemProxy;
			containerPortal = 345BB0711A041FFE0056330A /* Project object */;
			proxyType = 1;
			remoteGlobalIDString = 345BB0781A041FFE0056330A;
			remoteInfo = "Secure Photos";
		};
		345BB1291A04224A0056330A /* PBXContainerItemProxy */ = {
			isa = PBXContainerItemProxy;
			containerPortal = 345BB0B21A04224A0056330A /* rncrypt.xcodeproj */;
			proxyType = 2;
			remoteGlobalIDString = FBB08CAE16B8ABB600E7E968;
			remoteInfo = rncrypt;
		};
		345BB12F1A04224A0056330A /* PBXContainerItemProxy */ = {
			isa = PBXContainerItemProxy;
			containerPortal = 345BB0C61A04224A0056330A /* RNCryptor.xcodeproj */;
			proxyType = 2;
			remoteGlobalIDString = FB7564F01512D3C4007B806B;
			remoteInfo = RNCryptor;
		};
		345BB1311A04224A0056330A /* PBXContainerItemProxy */ = {
			isa = PBXContainerItemProxy;
			containerPortal = 345BB0C61A04224A0056330A /* RNCryptor.xcodeproj */;
			proxyType = 2;
			remoteGlobalIDString = AB13427A15E0FC2300456914;
			remoteInfo = "RNCryptor OS X";
		};
		345BB1331A04224A0056330A /* PBXContainerItemProxy */ = {
			isa = PBXContainerItemProxy;
			containerPortal = 345BB0C61A04224A0056330A /* RNCryptor.xcodeproj */;
			proxyType = 2;
			remoteGlobalIDString = FB7565001512D3C4007B806B;
			remoteInfo = RNCryptorTests;
		};
		345BB1351A04224A0056330A /* PBXContainerItemProxy */ = {
			isa = PBXContainerItemProxy;
			containerPortal = 345BB0C61A04224A0056330A /* RNCryptor.xcodeproj */;
			proxyType = 2;
			remoteGlobalIDString = FB6AC68C16F6704100CA0C0A;
			remoteInfo = rncrypt;
		};
		345BB13B1A04224A0056330A /* PBXContainerItemProxy */ = {
			isa = PBXContainerItemProxy;
			containerPortal = 345BB0F41A04224A0056330A /* SSKeychain.xcodeproj */;
			proxyType = 2;
			remoteGlobalIDString = 21CC42A717DB874300201DDC;
			remoteInfo = SSKeychain;
		};
		345BB13D1A04224A0056330A /* PBXContainerItemProxy */ = {
			isa = PBXContainerItemProxy;
			containerPortal = 345BB0F41A04224A0056330A /* SSKeychain.xcodeproj */;
			proxyType = 2;
			remoteGlobalIDString = 21CC42C217DB874300201DDC;
			remoteInfo = SSKeychainTests;
		};
		345BB13F1A04224A0056330A /* PBXContainerItemProxy */ = {
			isa = PBXContainerItemProxy;
			containerPortal = 345BB0F41A04224A0056330A /* SSKeychain.xcodeproj */;
			proxyType = 2;
			remoteGlobalIDString = 21B85B2418EC9455009D2B98;
			remoteInfo = SSKeychainMac;
		};
		345BB1411A04224A0056330A /* PBXContainerItemProxy */ = {
			isa = PBXContainerItemProxy;
			containerPortal = 345BB0F41A04224A0056330A /* SSKeychain.xcodeproj */;
			proxyType = 2;
			remoteGlobalIDString = 21B85B4318EC9456009D2B98;
			remoteInfo = SSKeychainMacTests;
		};
/* End PBXContainerItemProxy section */

/* Begin PBXFileReference section */
		345BB0791A041FFE0056330A /* Secure Photos.app */ = {isa = PBXFileReference; explicitFileType = wrapper.application; includeInIndex = 0; path = "Secure Photos.app"; sourceTree = BUILT_PRODUCTS_DIR; };
		345BB07D1A041FFE0056330A /* Info.plist */ = {isa = PBXFileReference; lastKnownFileType = text.plist.xml; path = Info.plist; sourceTree = "<group>"; };
		345BB07E1A041FFE0056330A /* main.m */ = {isa = PBXFileReference; lastKnownFileType = sourcecode.c.objc; path = main.m; sourceTree = "<group>"; };
		345BB0801A041FFE0056330A /* AppDelegate.h */ = {isa = PBXFileReference; lastKnownFileType = sourcecode.c.h; path = AppDelegate.h; sourceTree = "<group>"; };
		345BB0811A041FFE0056330A /* AppDelegate.m */ = {isa = PBXFileReference; lastKnownFileType = sourcecode.c.objc; path = AppDelegate.m; sourceTree = "<group>"; };
		345BB0831A041FFE0056330A /* ViewController.h */ = {isa = PBXFileReference; lastKnownFileType = sourcecode.c.h; path = ViewController.h; sourceTree = "<group>"; };
		345BB0841A041FFE0056330A /* ViewController.m */ = {isa = PBXFileReference; lastKnownFileType = sourcecode.c.objc; path = ViewController.m; sourceTree = "<group>"; };
		345BB0871A041FFE0056330A /* Base */ = {isa = PBXFileReference; lastKnownFileType = file.storyboard; name = Base; path = Base.lproj/Main.storyboard; sourceTree = "<group>"; };
		345BB0891A041FFE0056330A /* Images.xcassets */ = {isa = PBXFileReference; lastKnownFileType = folder.assetcatalog; path = Images.xcassets; sourceTree = "<group>"; };
		345BB08C1A041FFE0056330A /* Base */ = {isa = PBXFileReference; lastKnownFileType = file.xib; name = Base; path = Base.lproj/LaunchScreen.xib; sourceTree = "<group>"; };
		345BB0921A041FFE0056330A /* Secure PhotosTests.xctest */ = {isa = PBXFileReference; explicitFileType = wrapper.cfbundle; includeInIndex = 0; path = "Secure PhotosTests.xctest"; sourceTree = BUILT_PRODUCTS_DIR; };
		345BB0971A041FFE0056330A /* Info.plist */ = {isa = PBXFileReference; lastKnownFileType = text.plist.xml; path = Info.plist; sourceTree = "<group>"; };
		345BB0981A041FFE0056330A /* Secure_PhotosTests.m */ = {isa = PBXFileReference; lastKnownFileType = sourcecode.c.objc; path = Secure_PhotosTests.m; sourceTree = "<group>"; };
		345BB0A21A04205F0056330A /* MobileCoreServices.framework */ = {isa = PBXFileReference; lastKnownFileType = wrapper.framework; name = MobileCoreServices.framework; path = System/Library/Frameworks/MobileCoreServices.framework; sourceTree = SDKROOT; };
		345BB0A51A04224A0056330A /* .gitignore */ = {isa = PBXFileReference; fileEncoding = 4; lastKnownFileType = text; path = .gitignore; sourceTree = "<group>"; };
		345BB0A61A04224A0056330A /* .gitmodules */ = {isa = PBXFileReference; fileEncoding = 4; lastKnownFileType = text; path = .gitmodules; sourceTree = "<group>"; };
		345BB0A71A04224A0056330A /* .travis.yml */ = {isa = PBXFileReference; fileEncoding = 4; lastKnownFileType = text; path = .travis.yml; sourceTree = "<group>"; };
		345BB0A81A04224A0056330A /* AppledocSettings.plist */ = {isa = PBXFileReference; fileEncoding = 4; lastKnownFileType = text.plist.xml; path = AppledocSettings.plist; sourceTree = "<group>"; };
		345BB0A91A04224A0056330A /* Changelog.md */ = {isa = PBXFileReference; fileEncoding = 4; lastKnownFileType = net.daringfireball.markdown; path = Changelog.md; sourceTree = "<group>"; };
		345BB0AA1A04224A0056330A /* README.md */ = {isa = PBXFileReference; fileEncoding = 4; lastKnownFileType = net.daringfireball.markdown; path = README.md; sourceTree = "<group>"; };
		345BB0AC1A04224A0056330A /* main.m */ = {isa = PBXFileReference; fileEncoding = 4; lastKnownFileType = sourcecode.c.objc; path = main.m; sourceTree = "<group>"; };
		345BB0AE1A04224A0056330A /* main.m */ = {isa = PBXFileReference; fileEncoding = 4; lastKnownFileType = sourcecode.c.objc; path = main.m; sourceTree = "<group>"; };
		345BB0AF1A04224A0056330A /* rncrypt-Prefix.pch */ = {isa = PBXFileReference; fileEncoding = 4; lastKnownFileType = sourcecode.c.h; path = "rncrypt-Prefix.pch"; sourceTree = "<group>"; };
		345BB0B01A04224A0056330A /* rncrypt.1 */ = {isa = PBXFileReference; fileEncoding = 4; lastKnownFileType = text.man; path = rncrypt.1; sourceTree = "<group>"; };
		345BB0B11A04224A0056330A /* rncrypt-Prefix.pch */ = {isa = PBXFileReference; fileEncoding = 4; lastKnownFileType = sourcecode.c.h; path = "rncrypt-Prefix.pch"; sourceTree = "<group>"; };
		345BB0B21A04224A0056330A /* rncrypt.xcodeproj */ = {isa = PBXFileReference; lastKnownFileType = "wrapper.pb-project"; path = rncrypt.xcodeproj; sourceTree = "<group>"; };
		345BB0B61A04224A0056330A /* RNCryptor+Private.h */ = {isa = PBXFileReference; fileEncoding = 4; lastKnownFileType = sourcecode.c.h; path = "RNCryptor+Private.h"; sourceTree = "<group>"; };
		345BB0B71A04224A0056330A /* RNCryptor-Prefix.pch */ = {isa = PBXFileReference; fileEncoding = 4; lastKnownFileType = sourcecode.c.h; path = "RNCryptor-Prefix.pch"; sourceTree = "<group>"; };
		345BB0B81A04224A0056330A /* RNCryptor.h */ = {isa = PBXFileReference; fileEncoding = 4; lastKnownFileType = sourcecode.c.h; path = RNCryptor.h; sourceTree = "<group>"; };
		345BB0B91A04224A0056330A /* RNCryptor.m */ = {isa = PBXFileReference; fileEncoding = 4; lastKnownFileType = sourcecode.c.objc; path = RNCryptor.m; sourceTree = "<group>"; };
		345BB0BA1A04224A0056330A /* RNCryptorEngine.h */ = {isa = PBXFileReference; fileEncoding = 4; lastKnownFileType = sourcecode.c.h; path = RNCryptorEngine.h; sourceTree = "<group>"; };
		345BB0BB1A04224A0056330A /* RNCryptorEngine.m */ = {isa = PBXFileReference; fileEncoding = 4; lastKnownFileType = sourcecode.c.objc; path = RNCryptorEngine.m; sourceTree = "<group>"; };
		345BB0BC1A04224A0056330A /* RNDecryptor.h */ = {isa = PBXFileReference; fileEncoding = 4; lastKnownFileType = sourcecode.c.h; path = RNDecryptor.h; sourceTree = "<group>"; };
		345BB0BD1A04224A0056330A /* RNDecryptor.m */ = {isa = PBXFileReference; fileEncoding = 4; lastKnownFileType = sourcecode.c.objc; path = RNDecryptor.m; sourceTree = "<group>"; };
		345BB0BE1A04224A0056330A /* RNEncryptor.h */ = {isa = PBXFileReference; fileEncoding = 4; lastKnownFileType = sourcecode.c.h; path = RNEncryptor.h; sourceTree = "<group>"; };
		345BB0BF1A04224A0056330A /* RNEncryptor.m */ = {isa = PBXFileReference; fileEncoding = 4; lastKnownFileType = sourcecode.c.objc; path = RNEncryptor.m; sourceTree = "<group>"; };
		345BB0C21A04224A0056330A /* en */ = {isa = PBXFileReference; lastKnownFileType = text.plist.strings; name = en; path = en.lproj/InfoPlist.strings; sourceTree = "<group>"; };
		345BB0C31A04224A0056330A /* RNCryptor OS X-Info.plist */ = {isa = PBXFileReference; fileEncoding = 4; lastKnownFileType = text.plist.xml; path = "RNCryptor OS X-Info.plist"; sourceTree = "<group>"; };
		345BB0C41A04224A0056330A /* RNCryptor OS X-Prefix.pch */ = {isa = PBXFileReference; fileEncoding = 4; lastKnownFileType = sourcecode.c.h; path = "RNCryptor OS X-Prefix.pch"; sourceTree = "<group>"; };
		345BB0C51A04224A0056330A /* RNCryptor.podspec */ = {isa = PBXFileReference; fileEncoding = 4; lastKnownFileType = text; path = RNCryptor.podspec; sourceTree = "<group>"; };
		345BB0C61A04224A0056330A /* RNCryptor.xcodeproj */ = {isa = PBXFileReference; lastKnownFileType = "wrapper.pb-project"; path = RNCryptor.xcodeproj; sourceTree = "<group>"; };
		345BB0CB1A04224A0056330A /* en */ = {isa = PBXFileReference; lastKnownFileType = text.plist.strings; name = en; path = en.lproj/InfoPlist.strings; sourceTree = "<group>"; };
		345BB0CD1A04224A0056330A /* RNCryptorGeneratedVectorTests.m */ = {isa = PBXFileReference; fileEncoding = 4; lastKnownFileType = sourcecode.c.objc; path = RNCryptorGeneratedVectorTests.m; sourceTree = "<group>"; };
		345BB0CE1A04224A0056330A /* GenVectorTests */ = {isa = PBXFileReference; fileEncoding = 4; lastKnownFileType = text; path = GenVectorTests; sourceTree = "<group>"; };
		345BB0CF1A04224A0056330A /* openssl.enc */ = {isa = PBXFileReference; fileEncoding = 4; lastKnownFileType = text; path = openssl.enc; sourceTree = "<group>"; };
		345BB0D01A04224A0056330A /* README.md */ = {isa = PBXFileReference; fileEncoding = 4; lastKnownFileType = net.daringfireball.markdown; path = README.md; sourceTree = "<group>"; };
		345BB0D11A04224A0056330A /* RNCryptorTestHelpers.h */ = {isa = PBXFileReference; fileEncoding = 4; lastKnownFileType = sourcecode.c.h; path = RNCryptorTestHelpers.h; sourceTree = "<group>"; };
		345BB0D21A04224A0056330A /* RNCryptorTestHelpers.m */ = {isa = PBXFileReference; fileEncoding = 4; lastKnownFileType = sourcecode.c.objc; path = RNCryptorTestHelpers.m; sourceTree = "<group>"; };
		345BB0D31A04224A0056330A /* RNCryptorTests-Info.plist */ = {isa = PBXFileReference; fileEncoding = 4; lastKnownFileType = text.plist.xml; path = "RNCryptorTests-Info.plist"; sourceTree = "<group>"; };
		345BB0D41A04224A0056330A /* RNCryptorTests.m */ = {isa = PBXFileReference; fileEncoding = 4; lastKnownFileType = sourcecode.c.objc; path = RNCryptorTests.m; sourceTree = "<group>"; };
		345BB0D61A04224A0056330A /* RNOpenSSLTests.m */ = {isa = PBXFileReference; fileEncoding = 4; lastKnownFileType = sourcecode.c.objc; path = RNOpenSSLTests.m; sourceTree = "<group>"; };
		345BB0D71A04224A0056330A /* XCTestCase+RNCryptorVectorTests.h */ = {isa = PBXFileReference; fileEncoding = 4; lastKnownFileType = sourcecode.c.h; path = "XCTestCase+RNCryptorVectorTests.h"; sourceTree = "<group>"; };
		345BB0D81A04224A0056330A /* XCTestCase+RNCryptorVectorTests.m */ = {isa = PBXFileReference; fileEncoding = 4; lastKnownFileType = sourcecode.c.objc; path = "XCTestCase+RNCryptorVectorTests.m"; sourceTree = "<group>"; };
		345BB0D91A04224A0056330A /* RNCryptorV1.enc */ = {isa = PBXFileReference; lastKnownFileType = file; path = RNCryptorV1.enc; sourceTree = "<group>"; };
		345BB0DC1A04224A0056330A /* .gitignore */ = {isa = PBXFileReference; fileEncoding = 4; lastKnownFileType = text; path = .gitignore; sourceTree = "<group>"; };
		345BB0DF1A04224A0056330A /* Images.xcassets */ = {isa = PBXFileReference; lastKnownFileType = folder.assetcatalog; path = Images.xcassets; sourceTree = "<group>"; };
		345BB0E01A04224A0056330A /* main.m */ = {isa = PBXFileReference; fileEncoding = 4; lastKnownFileType = sourcecode.c.objc; path = main.m; sourceTree = "<group>"; };
		345BB0E11A04224A0056330A /* SSAppDelegate.h */ = {isa = PBXFileReference; fileEncoding = 4; lastKnownFileType = sourcecode.c.h; path = SSAppDelegate.h; sourceTree = "<group>"; };
		345BB0E21A04224A0056330A /* SSAppDelegate.m */ = {isa = PBXFileReference; fileEncoding = 4; lastKnownFileType = sourcecode.c.objc; path = SSAppDelegate.m; sourceTree = "<group>"; };
		345BB0E31A04224A0056330A /* SSKeychain-Info.plist */ = {isa = PBXFileReference; fileEncoding = 4; lastKnownFileType = text.plist.xml; path = "SSKeychain-Info.plist"; sourceTree = "<group>"; };
		345BB0E61A04224A0056330A /* Base */ = {isa = PBXFileReference; lastKnownFileType = file.xib; name = Base; path = Base.lproj/MainMenu.xib; sourceTree = "<group>"; };
		345BB0E71A04224A0056330A /* main.m */ = {isa = PBXFileReference; fileEncoding = 4; lastKnownFileType = sourcecode.c.objc; path = main.m; sourceTree = "<group>"; };
		345BB0E81A04224A0056330A /* SSKeychainMac-Info.plist */ = {isa = PBXFileReference; fileEncoding = 4; lastKnownFileType = text.plist.xml; path = "SSKeychainMac-Info.plist"; sourceTree = "<group>"; };
		345BB0E91A04224A0056330A /* SSKeychainMac.entitlements */ = {isa = PBXFileReference; fileEncoding = 4; lastKnownFileType = text.xml; path = SSKeychainMac.entitlements; sourceTree = "<group>"; };
		345BB0EA1A04224A0056330A /* LICENSE */ = {isa = PBXFileReference; fileEncoding = 4; lastKnownFileType = text; path = LICENSE; sourceTree = "<group>"; };
		345BB0EB1A04224A0056330A /* Readme.markdown */ = {isa = PBXFileReference; fileEncoding = 4; lastKnownFileType = net.daringfireball.markdown; path = Readme.markdown; sourceTree = "<group>"; };
		345BB0EE1A04224A0056330A /* en */ = {isa = PBXFileReference; lastKnownFileType = text.plist.strings; name = en; path = en.lproj/SSKeychain.strings; sourceTree = "<group>"; };
		345BB0EF1A04224A0056330A /* SSKeychain.h */ = {isa = PBXFileReference; fileEncoding = 4; lastKnownFileType = sourcecode.c.h; path = SSKeychain.h; sourceTree = "<group>"; };
		345BB0F01A04224A0056330A /* SSKeychain.m */ = {isa = PBXFileReference; fileEncoding = 4; lastKnownFileType = sourcecode.c.objc; path = SSKeychain.m; sourceTree = "<group>"; };
		345BB0F11A04224A0056330A /* SSKeychainQuery.h */ = {isa = PBXFileReference; fileEncoding = 4; lastKnownFileType = sourcecode.c.h; path = SSKeychainQuery.h; sourceTree = "<group>"; };
		345BB0F21A04224A0056330A /* SSKeychainQuery.m */ = {isa = PBXFileReference; fileEncoding = 4; lastKnownFileType = sourcecode.c.objc; path = SSKeychainQuery.m; sourceTree = "<group>"; };
		345BB0F31A04224A0056330A /* SSKeychain.podspec */ = {isa = PBXFileReference; fileEncoding = 4; lastKnownFileType = text; path = SSKeychain.podspec; sourceTree = "<group>"; };
		345BB0F41A04224A0056330A /* SSKeychain.xcodeproj */ = {isa = PBXFileReference; lastKnownFileType = "wrapper.pb-project"; path = SSKeychain.xcodeproj; sourceTree = "<group>"; };
		345BB0F81A04224A0056330A /* SSKeychainMacTests-Info.plist */ = {isa = PBXFileReference; fileEncoding = 4; lastKnownFileType = text.plist.xml; path = "SSKeychainMacTests-Info.plist"; sourceTree = "<group>"; };
		345BB0F91A04224A0056330A /* SSKeychainTests-Info.plist */ = {isa = PBXFileReference; fileEncoding = 4; lastKnownFileType = text.plist.xml; path = "SSKeychainTests-Info.plist"; sourceTree = "<group>"; };
		345BB0FA1A04224A0056330A /* SSKeychainTests.m */ = {isa = PBXFileReference; fileEncoding = 4; lastKnownFileType = sourcecode.c.objc; path = SSKeychainTests.m; sourceTree = "<group>"; };
		345BB1431A0424E20056330A /* PhotosViewController.h */ = {isa = PBXFileReference; fileEncoding = 4; lastKnownFileType = sourcecode.c.h; path = PhotosViewController.h; sourceTree = "<group>"; };
		345BB1441A0424E20056330A /* PhotosViewController.m */ = {isa = PBXFileReference; fileEncoding = 4; lastKnownFileType = sourcecode.c.objc; path = PhotosViewController.m; sourceTree = "<group>"; };
		345BB1461A0425280056330A /* PhotoCollectionViewCell.h */ = {isa = PBXFileReference; fileEncoding = 4; lastKnownFileType = sourcecode.c.h; path = PhotoCollectionViewCell.h; sourceTree = "<group>"; };
		345BB1471A0425280056330A /* PhotoCollectionViewCell.m */ = {isa = PBXFileReference; fileEncoding = 4; lastKnownFileType = sourcecode.c.objc; path = PhotoCollectionViewCell.m; sourceTree = "<group>"; };
/* End PBXFileReference section */

/* Begin PBXFrameworksBuildPhase section */
		345BB0761A041FFE0056330A /* Frameworks */ = {
			isa = PBXFrameworksBuildPhase;
			buildActionMask = 2147483647;
			files = (
				345BB0A31A04205F0056330A /* MobileCoreServices.framework in Frameworks */,
			);
			runOnlyForDeploymentPostprocessing = 0;
		};
		345BB08F1A041FFE0056330A /* Frameworks */ = {
			isa = PBXFrameworksBuildPhase;
			buildActionMask = 2147483647;
			files = (
			);
			runOnlyForDeploymentPostprocessing = 0;
		};
/* End PBXFrameworksBuildPhase section */

/* Begin PBXGroup section */
		345BB0701A041FFE0056330A = {
			isa = PBXGroup;
			children = (
				345BB07B1A041FFE0056330A /* Secure Photos */,
				345BB0951A041FFE0056330A /* Secure PhotosTests */,
				345BB07A1A041FFE0056330A /* Products */,
			);
			sourceTree = "<group>";
		};
		345BB07A1A041FFE0056330A /* Products */ = {
			isa = PBXGroup;
			children = (
				345BB0791A041FFE0056330A /* Secure Photos.app */,
				345BB0921A041FFE0056330A /* Secure PhotosTests.xctest */,
			);
			name = Products;
			sourceTree = "<group>";
		};
		345BB07B1A041FFE0056330A /* Secure Photos */ = {
			isa = PBXGroup;
			children = (
				345BB0801A041FFE0056330A /* AppDelegate.h */,
				345BB0811A041FFE0056330A /* AppDelegate.m */,
				345BB0831A041FFE0056330A /* ViewController.h */,
				345BB0841A041FFE0056330A /* ViewController.m */,
				345BB1431A0424E20056330A /* PhotosViewController.h */,
				345BB1441A0424E20056330A /* PhotosViewController.m */,
				345BB1461A0425280056330A /* PhotoCollectionViewCell.h */,
				345BB1471A0425280056330A /* PhotoCollectionViewCell.m */,
				345BB0861A041FFE0056330A /* Main.storyboard */,
				345BB0891A041FFE0056330A /* Images.xcassets */,
				345BB08B1A041FFE0056330A /* LaunchScreen.xib */,
				345BB07C1A041FFE0056330A /* Supporting Files */,
			);
			path = "Secure Photos";
			sourceTree = "<group>";
		};
		345BB07C1A041FFE0056330A /* Supporting Files */ = {
			isa = PBXGroup;
			children = (
				345BB0A21A04205F0056330A /* MobileCoreServices.framework */,
				345BB0A41A04224A0056330A /* RNCryptor 10:31:2014 */,
				345BB0DB1A04224A0056330A /* sskeychain 10:31:2014 */,
				345BB07D1A041FFE0056330A /* Info.plist */,
				345BB07E1A041FFE0056330A /* main.m */,
			);
			name = "Supporting Files";
			sourceTree = "<group>";
		};
		345BB0951A041FFE0056330A /* Secure PhotosTests */ = {
			isa = PBXGroup;
			children = (
				345BB0981A041FFE0056330A /* Secure_PhotosTests.m */,
				345BB0961A041FFE0056330A /* Supporting Files */,
			);
			path = "Secure PhotosTests";
			sourceTree = "<group>";
		};
		345BB0961A041FFE0056330A /* Supporting Files */ = {
			isa = PBXGroup;
			children = (
				345BB0971A041FFE0056330A /* Info.plist */,
			);
			name = "Supporting Files";
			sourceTree = "<group>";
		};
		345BB0A41A04224A0056330A /* RNCryptor 10:31:2014 */ = {
			isa = PBXGroup;
			children = (
				345BB0A51A04224A0056330A /* .gitignore */,
				345BB0A61A04224A0056330A /* .gitmodules */,
				345BB0A71A04224A0056330A /* .travis.yml */,
				345BB0A81A04224A0056330A /* AppledocSettings.plist */,
				345BB0A91A04224A0056330A /* Changelog.md */,
				345BB0AA1A04224A0056330A /* README.md */,
				345BB0AB1A04224A0056330A /* rncrypt */,
				345BB0B51A04224A0056330A /* RNCryptor */,
				345BB0C01A04224A0056330A /* RNCryptor OS X */,
				345BB0C51A04224A0056330A /* RNCryptor.podspec */,
				345BB0C61A04224A0056330A /* RNCryptor.xcodeproj */,
				345BB0C91A04224A0056330A /* RNCryptorTests */,
				345BB0D91A04224A0056330A /* RNCryptorV1.enc */,
				345BB0DA1A04224A0056330A /* Spec */,
			);
			name = "RNCryptor 10:31:2014";
			path = "RNCryptor - Downloaded 10:31:2014";
			sourceTree = "<group>";
		};
		345BB0AB1A04224A0056330A /* rncrypt */ = {
			isa = PBXGroup;
			children = (
				345BB0AC1A04224A0056330A /* main.m */,
				345BB0AD1A04224A0056330A /* rncrypt */,
				345BB0B11A04224A0056330A /* rncrypt-Prefix.pch */,
				345BB0B21A04224A0056330A /* rncrypt.xcodeproj */,
			);
			path = rncrypt;
			sourceTree = "<group>";
		};
		345BB0AD1A04224A0056330A /* rncrypt */ = {
			isa = PBXGroup;
			children = (
				345BB0AE1A04224A0056330A /* main.m */,
				345BB0AF1A04224A0056330A /* rncrypt-Prefix.pch */,
				345BB0B01A04224A0056330A /* rncrypt.1 */,
			);
			path = rncrypt;
			sourceTree = "<group>";
		};
		345BB0B31A04224A0056330A /* Products */ = {
			isa = PBXGroup;
			children = (
				345BB12A1A04224A0056330A /* rncrypt */,
			);
			name = Products;
			sourceTree = "<group>";
		};
		345BB0B51A04224A0056330A /* RNCryptor */ = {
			isa = PBXGroup;
			children = (
				345BB0B61A04224A0056330A /* RNCryptor+Private.h */,
				345BB0B71A04224A0056330A /* RNCryptor-Prefix.pch */,
				345BB0B81A04224A0056330A /* RNCryptor.h */,
				345BB0B91A04224A0056330A /* RNCryptor.m */,
				345BB0BA1A04224A0056330A /* RNCryptorEngine.h */,
				345BB0BB1A04224A0056330A /* RNCryptorEngine.m */,
				345BB0BC1A04224A0056330A /* RNDecryptor.h */,
				345BB0BD1A04224A0056330A /* RNDecryptor.m */,
				345BB0BE1A04224A0056330A /* RNEncryptor.h */,
				345BB0BF1A04224A0056330A /* RNEncryptor.m */,
			);
			path = RNCryptor;
			sourceTree = "<group>";
		};
		345BB0C01A04224A0056330A /* RNCryptor OS X */ = {
			isa = PBXGroup;
			children = (
				345BB0C11A04224A0056330A /* InfoPlist.strings */,
				345BB0C31A04224A0056330A /* RNCryptor OS X-Info.plist */,
				345BB0C41A04224A0056330A /* RNCryptor OS X-Prefix.pch */,
			);
			path = "RNCryptor OS X";
			sourceTree = "<group>";
		};
		345BB0C71A04224A0056330A /* Products */ = {
			isa = PBXGroup;
			children = (
				345BB1301A04224A0056330A /* libRNCryptor.a */,
				345BB1321A04224A0056330A /* RNCryptor.framework */,
				345BB1341A04224A0056330A /* RNCryptorTests.xctest */,
				345BB1361A04224A0056330A /* rncrypt */,
			);
			name = Products;
			sourceTree = "<group>";
		};
		345BB0C91A04224A0056330A /* RNCryptorTests */ = {
			isa = PBXGroup;
			children = (
				345BB0CA1A04224A0056330A /* InfoPlist.strings */,
				345BB0CC1A04224A0056330A /* Generated */,
				345BB0CE1A04224A0056330A /* GenVectorTests */,
				345BB0CF1A04224A0056330A /* openssl.enc */,
				345BB0D01A04224A0056330A /* README.md */,
				345BB0D11A04224A0056330A /* RNCryptorTestHelpers.h */,
				345BB0D21A04224A0056330A /* RNCryptorTestHelpers.m */,
				345BB0D31A04224A0056330A /* RNCryptorTests-Info.plist */,
				345BB0D41A04224A0056330A /* RNCryptorTests.m */,
				345BB0D51A04224A0056330A /* RNOpenSSLCryptor */,
				345BB0D71A04224A0056330A /* XCTestCase+RNCryptorVectorTests.h */,
				345BB0D81A04224A0056330A /* XCTestCase+RNCryptorVectorTests.m */,
			);
			path = RNCryptorTests;
			sourceTree = "<group>";
		};
		345BB0CC1A04224A0056330A /* Generated */ = {
			isa = PBXGroup;
			children = (
				345BB0CD1A04224A0056330A /* RNCryptorGeneratedVectorTests.m */,
			);
			path = Generated;
			sourceTree = "<group>";
		};
		345BB0D51A04224A0056330A /* RNOpenSSLCryptor */ = {
			isa = PBXGroup;
			children = (
				345BB0D61A04224A0056330A /* RNOpenSSLTests.m */,
			);
			path = RNOpenSSLCryptor;
			sourceTree = "<group>";
		};
		345BB0DA1A04224A0056330A /* Spec */ = {
			isa = PBXGroup;
			children = (
			);
			path = Spec;
			sourceTree = "<group>";
		};
		345BB0DB1A04224A0056330A /* sskeychain 10:31:2014 */ = {
			isa = PBXGroup;
			children = (
				345BB0DC1A04224A0056330A /* .gitignore */,
				345BB0DD1A04224A0056330A /* Example */,
				345BB0EA1A04224A0056330A /* LICENSE */,
				345BB0EB1A04224A0056330A /* Readme.markdown */,
				345BB0EC1A04224A0056330A /* SSKeychain */,
				345BB0F31A04224A0056330A /* SSKeychain.podspec */,
				345BB0F41A04224A0056330A /* SSKeychain.xcodeproj */,
				345BB0F71A04224A0056330A /* Tests */,
			);
			name = "sskeychain 10:31:2014";
			path = "sskeychain - Downloaded 10:31:2014";
			sourceTree = "<group>";
		};
		345BB0DD1A04224A0056330A /* Example */ = {
			isa = PBXGroup;
			children = (
				345BB0DE1A04224A0056330A /* iOS */,
				345BB0E41A04224A0056330A /* Mac */,
			);
			path = Example;
			sourceTree = "<group>";
		};
		345BB0DE1A04224A0056330A /* iOS */ = {
			isa = PBXGroup;
			children = (
				345BB0DF1A04224A0056330A /* Images.xcassets */,
				345BB0E01A04224A0056330A /* main.m */,
				345BB0E11A04224A0056330A /* SSAppDelegate.h */,
				345BB0E21A04224A0056330A /* SSAppDelegate.m */,
				345BB0E31A04224A0056330A /* SSKeychain-Info.plist */,
			);
			path = iOS;
			sourceTree = "<group>";
		};
		345BB0E41A04224A0056330A /* Mac */ = {
			isa = PBXGroup;
			children = (
				345BB0E51A04224A0056330A /* MainMenu.xib */,
				345BB0E71A04224A0056330A /* main.m */,
				345BB0E81A04224A0056330A /* SSKeychainMac-Info.plist */,
				345BB0E91A04224A0056330A /* SSKeychainMac.entitlements */,
			);
			path = Mac;
			sourceTree = "<group>";
		};
		345BB0EC1A04224A0056330A /* SSKeychain */ = {
			isa = PBXGroup;
			children = (
				345BB0ED1A04224A0056330A /* SSKeychain.strings */,
				345BB0EF1A04224A0056330A /* SSKeychain.h */,
				345BB0F01A04224A0056330A /* SSKeychain.m */,
				345BB0F11A04224A0056330A /* SSKeychainQuery.h */,
				345BB0F21A04224A0056330A /* SSKeychainQuery.m */,
			);
			path = SSKeychain;
			sourceTree = "<group>";
		};
		345BB0F51A04224A0056330A /* Products */ = {
			isa = PBXGroup;
			children = (
				345BB13C1A04224A0056330A /* SSKeychain.app */,
				345BB13E1A04224A0056330A /* SSKeychainTests.xctest */,
				345BB1401A04224A0056330A /* SSKeychainMac.app */,
				345BB1421A04224A0056330A /* SSKeychainMacTests.xctest */,
			);
			name = Products;
			sourceTree = "<group>";
		};
		345BB0F71A04224A0056330A /* Tests */ = {
			isa = PBXGroup;
			children = (
				345BB0F81A04224A0056330A /* SSKeychainMacTests-Info.plist */,
				345BB0F91A04224A0056330A /* SSKeychainTests-Info.plist */,
				345BB0FA1A04224A0056330A /* SSKeychainTests.m */,
			);
			path = Tests;
			sourceTree = "<group>";
		};
/* End PBXGroup section */

/* Begin PBXNativeTarget section */
		345BB0781A041FFE0056330A /* Secure Photos */ = {
			isa = PBXNativeTarget;
			buildConfigurationList = 345BB09C1A041FFE0056330A /* Build configuration list for PBXNativeTarget "Secure Photos" */;
			buildPhases = (
				345BB0751A041FFE0056330A /* Sources */,
				345BB0761A041FFE0056330A /* Frameworks */,
				345BB0771A041FFE0056330A /* Resources */,
			);
			buildRules = (
			);
			dependencies = (
			);
			name = "Secure Photos";
			productName = "Secure Photos";
			productReference = 345BB0791A041FFE0056330A /* Secure Photos.app */;
			productType = "com.apple.product-type.application";
		};
		345BB0911A041FFE0056330A /* Secure PhotosTests */ = {
			isa = PBXNativeTarget;
			buildConfigurationList = 345BB09F1A041FFE0056330A /* Build configuration list for PBXNativeTarget "Secure PhotosTests" */;
			buildPhases = (
				345BB08E1A041FFE0056330A /* Sources */,
				345BB08F1A041FFE0056330A /* Frameworks */,
				345BB0901A041FFE0056330A /* Resources */,
			);
			buildRules = (
			);
			dependencies = (
				345BB0941A041FFE0056330A /* PBXTargetDependency */,
			);
			name = "Secure PhotosTests";
			productName = "Secure PhotosTests";
			productReference = 345BB0921A041FFE0056330A /* Secure PhotosTests.xctest */;
			productType = "com.apple.product-type.bundle.unit-test";
		};
/* End PBXNativeTarget section */

/* Begin PBXProject section */
		345BB0711A041FFE0056330A /* Project object */ = {
			isa = PBXProject;
			attributes = {
				LastUpgradeCheck = 0610;
				ORGANIZATIONNAME = "Taylor Wright-Sanson";
				TargetAttributes = {
					345BB0781A041FFE0056330A = {
						CreatedOnToolsVersion = 6.1;
					};
					345BB0911A041FFE0056330A = {
						CreatedOnToolsVersion = 6.1;
						TestTargetID = 345BB0781A041FFE0056330A;
					};
				};
			};
			buildConfigurationList = 345BB0741A041FFE0056330A /* Build configuration list for PBXProject "Secure Photos" */;
			compatibilityVersion = "Xcode 3.2";
			developmentRegion = English;
			hasScannedForEncodings = 0;
			knownRegions = (
				en,
				Base,
			);
			mainGroup = 345BB0701A041FFE0056330A;
			productRefGroup = 345BB07A1A041FFE0056330A /* Products */;
			projectDirPath = "";
			projectReferences = (
				{
					ProductGroup = 345BB0B31A04224A0056330A /* Products */;
					ProjectRef = 345BB0B21A04224A0056330A /* rncrypt.xcodeproj */;
				},
				{
					ProductGroup = 345BB0C71A04224A0056330A /* Products */;
					ProjectRef = 345BB0C61A04224A0056330A /* RNCryptor.xcodeproj */;
				},
				{
					ProductGroup = 345BB0F51A04224A0056330A /* Products */;
					ProjectRef = 345BB0F41A04224A0056330A /* SSKeychain.xcodeproj */;
				},
			);
			projectRoot = "";
			targets = (
				345BB0781A041FFE0056330A /* Secure Photos */,
				345BB0911A041FFE0056330A /* Secure PhotosTests */,
			);
		};
/* End PBXProject section */

/* Begin PBXReferenceProxy section */
		345BB12A1A04224A0056330A /* rncrypt */ = {
			isa = PBXReferenceProxy;
			fileType = "compiled.mach-o.executable";
			path = rncrypt;
			remoteRef = 345BB1291A04224A0056330A /* PBXContainerItemProxy */;
			sourceTree = BUILT_PRODUCTS_DIR;
		};
		345BB1301A04224A0056330A /* libRNCryptor.a */ = {
			isa = PBXReferenceProxy;
			fileType = archive.ar;
			path = libRNCryptor.a;
			remoteRef = 345BB12F1A04224A0056330A /* PBXContainerItemProxy */;
			sourceTree = BUILT_PRODUCTS_DIR;
		};
		345BB1321A04224A0056330A /* RNCryptor.framework */ = {
			isa = PBXReferenceProxy;
			fileType = wrapper.framework;
			path = RNCryptor.framework;
			remoteRef = 345BB1311A04224A0056330A /* PBXContainerItemProxy */;
			sourceTree = BUILT_PRODUCTS_DIR;
		};
		345BB1341A04224A0056330A /* RNCryptorTests.xctest */ = {
			isa = PBXReferenceProxy;
			fileType = wrapper.cfbundle;
			path = RNCryptorTests.xctest;
			remoteRef = 345BB1331A04224A0056330A /* PBXContainerItemProxy */;
			sourceTree = BUILT_PRODUCTS_DIR;
		};
		345BB1361A04224A0056330A /* rncrypt */ = {
			isa = PBXReferenceProxy;
			fileType = "compiled.mach-o.executable";
			path = rncrypt;
			remoteRef = 345BB1351A04224A0056330A /* PBXContainerItemProxy */;
			sourceTree = BUILT_PRODUCTS_DIR;
		};
		345BB13C1A04224A0056330A /* SSKeychain.app */ = {
			isa = PBXReferenceProxy;
			fileType = wrapper.application;
			path = SSKeychain.app;
			remoteRef = 345BB13B1A04224A0056330A /* PBXContainerItemProxy */;
			sourceTree = BUILT_PRODUCTS_DIR;
		};
		345BB13E1A04224A0056330A /* SSKeychainTests.xctest */ = {
			isa = PBXReferenceProxy;
			fileType = wrapper.cfbundle;
			path = SSKeychainTests.xctest;
			remoteRef = 345BB13D1A04224A0056330A /* PBXContainerItemProxy */;
			sourceTree = BUILT_PRODUCTS_DIR;
		};
		345BB1401A04224A0056330A /* SSKeychainMac.app */ = {
			isa = PBXReferenceProxy;
			fileType = wrapper.application;
			path = SSKeychainMac.app;
			remoteRef = 345BB13F1A04224A0056330A /* PBXContainerItemProxy */;
			sourceTree = BUILT_PRODUCTS_DIR;
		};
		345BB1421A04224A0056330A /* SSKeychainMacTests.xctest */ = {
			isa = PBXReferenceProxy;
			fileType = wrapper.cfbundle;
			path = SSKeychainMacTests.xctest;
			remoteRef = 345BB1411A04224A0056330A /* PBXContainerItemProxy */;
			sourceTree = BUILT_PRODUCTS_DIR;
		};
/* End PBXReferenceProxy section */

/* Begin PBXResourcesBuildPhase section */
		345BB0771A041FFE0056330A /* Resources */ = {
			isa = PBXResourcesBuildPhase;
			buildActionMask = 2147483647;
			files = (
				345BB1251A04224A0056330A /* SSKeychainMacTests-Info.plist in Resources */,
				345BB10A1A04224A0056330A /* RNCryptor.podspec in Resources */,
				345BB10B1A04224A0056330A /* InfoPlist.strings in Resources */,
				345BB0FD1A04224A0056330A /* .travis.yml in Resources */,
				345BB0FB1A04224A0056330A /* .gitignore in Resources */,
				345BB1161A04224A0056330A /* .gitignore in Resources */,
				345BB11D1A04224A0056330A /* SSKeychainMac-Info.plist in Resources */,
				345BB1031A04224A0056330A /* rncrypt.1 in Resources */,
				345BB0FE1A04224A0056330A /* AppledocSettings.plist in Resources */,
				345BB1261A04224A0056330A /* SSKeychainTests-Info.plist in Resources */,
				345BB0881A041FFE0056330A /* Main.storyboard in Resources */,
				345BB11A1A04224A0056330A /* SSKeychain-Info.plist in Resources */,
				345BB0FC1A04224A0056330A /* .gitmodules in Resources */,
				345BB11E1A04224A0056330A /* SSKeychainMac.entitlements in Resources */,
				345BB1171A04224A0056330A /* Images.xcassets in Resources */,
				345BB11F1A04224A0056330A /* LICENSE in Resources */,
				345BB11B1A04224A0056330A /* MainMenu.xib in Resources */,
				345BB08D1A041FFE0056330A /* LaunchScreen.xib in Resources */,
				345BB1081A04224A0056330A /* InfoPlist.strings in Resources */,
				345BB08A1A041FFE0056330A /* Images.xcassets in Resources */,
				345BB1111A04224A0056330A /* RNCryptorTests-Info.plist in Resources */,
				345BB10E1A04224A0056330A /* openssl.enc in Resources */,
				345BB1241A04224A0056330A /* SSKeychain.podspec in Resources */,
				345BB1211A04224A0056330A /* SSKeychain.strings in Resources */,
				345BB1151A04224A0056330A /* RNCryptorV1.enc in Resources */,
				345BB10D1A04224A0056330A /* GenVectorTests in Resources */,
				345BB1091A04224A0056330A /* RNCryptor OS X-Info.plist in Resources */,
			);
			runOnlyForDeploymentPostprocessing = 0;
		};
		345BB0901A041FFE0056330A /* Resources */ = {
			isa = PBXResourcesBuildPhase;
			buildActionMask = 2147483647;
			files = (
			);
			runOnlyForDeploymentPostprocessing = 0;
		};
/* End PBXResourcesBuildPhase section */

/* Begin PBXSourcesBuildPhase section */
		345BB0751A041FFE0056330A /* Sources */ = {
			isa = PBXSourcesBuildPhase;
			buildActionMask = 2147483647;
			files = (
				345BB0851A041FFE0056330A /* ViewController.m in Sources */,
				345BB1481A0425280056330A /* PhotoCollectionViewCell.m in Sources */,
				345BB1041A04224A0056330A /* RNCryptor.m in Sources */,
				345BB1131A04224A0056330A /* RNOpenSSLTests.m in Sources */,
				345BB1121A04224A0056330A /* RNCryptorTests.m in Sources */,
				345BB10C1A04224A0056330A /* RNCryptorGeneratedVectorTests.m in Sources */,
				345BB0821A041FFE0056330A /* AppDelegate.m in Sources */,
				345BB1191A04224A0056330A /* SSAppDelegate.m in Sources */,
				345BB10F1A04224A0056330A /* README.md in Sources */,
				345BB1451A0424E20056330A /* PhotosViewController.m in Sources */,
				345BB1141A04224A0056330A /* XCTestCase+RNCryptorVectorTests.m in Sources */,
				345BB1271A04224A0056330A /* SSKeychainTests.m in Sources */,
				345BB1051A04224A0056330A /* RNCryptorEngine.m in Sources */,
				345BB11C1A04224A0056330A /* main.m in Sources */,
				345BB1061A04224A0056330A /* RNDecryptor.m in Sources */,
				345BB1001A04224A0056330A /* README.md in Sources */,
				345BB07F1A041FFE0056330A /* main.m in Sources */,
				345BB1101A04224A0056330A /* RNCryptorTestHelpers.m in Sources */,
				345BB1201A04224A0056330A /* Readme.markdown in Sources */,
				345BB1011A04224A0056330A /* main.m in Sources */,
				345BB1071A04224A0056330A /* RNEncryptor.m in Sources */,
				345BB1021A04224A0056330A /* main.m in Sources */,
				345BB1221A04224A0056330A /* SSKeychain.m in Sources */,
				345BB1181A04224A0056330A /* main.m in Sources */,
				345BB0FF1A04224A0056330A /* Changelog.md in Sources */,
				345BB1231A04224A0056330A /* SSKeychainQuery.m in Sources */,
			);
			runOnlyForDeploymentPostprocessing = 0;
		};
		345BB08E1A041FFE0056330A /* Sources */ = {
			isa = PBXSourcesBuildPhase;
			buildActionMask = 2147483647;
			files = (
				345BB0991A041FFE0056330A /* Secure_PhotosTests.m in Sources */,
			);
			runOnlyForDeploymentPostprocessing = 0;
		};
/* End PBXSourcesBuildPhase section */

/* Begin PBXTargetDependency section */
		345BB0941A041FFE0056330A /* PBXTargetDependency */ = {
			isa = PBXTargetDependency;
			target = 345BB0781A041FFE0056330A /* Secure Photos */;
			targetProxy = 345BB0931A041FFE0056330A /* PBXContainerItemProxy */;
		};
/* End PBXTargetDependency section */

/* Begin PBXVariantGroup section */
		345BB0861A041FFE0056330A /* Main.storyboard */ = {
			isa = PBXVariantGroup;
			children = (
				345BB0871A041FFE0056330A /* Base */,
			);
			name = Main.storyboard;
			sourceTree = "<group>";
		};
		345BB08B1A041FFE0056330A /* LaunchScreen.xib */ = {
			isa = PBXVariantGroup;
			children = (
				345BB08C1A041FFE0056330A /* Base */,
			);
			name = LaunchScreen.xib;
			sourceTree = "<group>";
		};
		345BB0C11A04224A0056330A /* InfoPlist.strings */ = {
			isa = PBXVariantGroup;
			children = (
				345BB0C21A04224A0056330A /* en */,
			);
			name = InfoPlist.strings;
			sourceTree = "<group>";
		};
		345BB0CA1A04224A0056330A /* InfoPlist.strings */ = {
			isa = PBXVariantGroup;
			children = (
				345BB0CB1A04224A0056330A /* en */,
			);
			name = InfoPlist.strings;
			sourceTree = "<group>";
		};
		345BB0E51A04224A0056330A /* MainMenu.xib */ = {
			isa = PBXVariantGroup;
			children = (
				345BB0E61A04224A0056330A /* Base */,
			);
			name = MainMenu.xib;
			sourceTree = "<group>";
		};
		345BB0ED1A04224A0056330A /* SSKeychain.strings */ = {
			isa = PBXVariantGroup;
			children = (
				345BB0EE1A04224A0056330A /* en */,
			);
			name = SSKeychain.strings;
			sourceTree = "<group>";
		};
/* End PBXVariantGroup section */

/* Begin XCBuildConfiguration section */
		345BB09A1A041FFE0056330A /* Debug */ = {
			isa = XCBuildConfiguration;
			buildSettings = {
				ALWAYS_SEARCH_USER_PATHS = NO;
				CLANG_CXX_LANGUAGE_STANDARD = "gnu++0x";
				CLANG_CXX_LIBRARY = "libc++";
				CLANG_ENABLE_MODULES = YES;
				CLANG_ENABLE_OBJC_ARC = YES;
				CLANG_WARN_BOOL_CONVERSION = YES;
				CLANG_WARN_CONSTANT_CONVERSION = YES;
				CLANG_WARN_DIRECT_OBJC_ISA_USAGE = YES_ERROR;
				CLANG_WARN_EMPTY_BODY = YES;
				CLANG_WARN_ENUM_CONVERSION = YES;
				CLANG_WARN_INT_CONVERSION = YES;
				CLANG_WARN_OBJC_ROOT_CLASS = YES_ERROR;
				CLANG_WARN_UNREACHABLE_CODE = YES;
				CLANG_WARN__DUPLICATE_METHOD_MATCH = YES;
				"CODE_SIGN_IDENTITY[sdk=iphoneos*]" = "iPhone Developer";
				COPY_PHASE_STRIP = NO;
				ENABLE_STRICT_OBJC_MSGSEND = YES;
				GCC_C_LANGUAGE_STANDARD = gnu99;
				GCC_DYNAMIC_NO_PIC = NO;
				GCC_OPTIMIZATION_LEVEL = 0;
				GCC_PREPROCESSOR_DEFINITIONS = (
					"DEBUG=1",
					"$(inherited)",
				);
				GCC_SYMBOLS_PRIVATE_EXTERN = NO;
				GCC_WARN_64_TO_32_BIT_CONVERSION = YES;
				GCC_WARN_ABOUT_RETURN_TYPE = YES_ERROR;
				GCC_WARN_UNDECLARED_SELECTOR = YES;
				GCC_WARN_UNINITIALIZED_AUTOS = YES_AGGRESSIVE;
				GCC_WARN_UNUSED_FUNCTION = YES;
				GCC_WARN_UNUSED_VARIABLE = YES;
				IPHONEOS_DEPLOYMENT_TARGET = 8.1;
				MTL_ENABLE_DEBUG_INFO = YES;
				ONLY_ACTIVE_ARCH = YES;
				SDKROOT = iphoneos;
			};
			name = Debug;
		};
		345BB09B1A041FFE0056330A /* Release */ = {
			isa = XCBuildConfiguration;
			buildSettings = {
				ALWAYS_SEARCH_USER_PATHS = NO;
				CLANG_CXX_LANGUAGE_STANDARD = "gnu++0x";
				CLANG_CXX_LIBRARY = "libc++";
				CLANG_ENABLE_MODULES = YES;
				CLANG_ENABLE_OBJC_ARC = YES;
				CLANG_WARN_BOOL_CONVERSION = YES;
				CLANG_WARN_CONSTANT_CONVERSION = YES;
				CLANG_WARN_DIRECT_OBJC_ISA_USAGE = YES_ERROR;
				CLANG_WARN_EMPTY_BODY = YES;
				CLANG_WARN_ENUM_CONVERSION = YES;
				CLANG_WARN_INT_CONVERSION = YES;
				CLANG_WARN_OBJC_ROOT_CLASS = YES_ERROR;
				CLANG_WARN_UNREACHABLE_CODE = YES;
				CLANG_WARN__DUPLICATE_METHOD_MATCH = YES;
				"CODE_SIGN_IDENTITY[sdk=iphoneos*]" = "iPhone Developer";
				COPY_PHASE_STRIP = YES;
				ENABLE_NS_ASSERTIONS = NO;
				ENABLE_STRICT_OBJC_MSGSEND = YES;
				GCC_C_LANGUAGE_STANDARD = gnu99;
				GCC_WARN_64_TO_32_BIT_CONVERSION = YES;
				GCC_WARN_ABOUT_RETURN_TYPE = YES_ERROR;
				GCC_WARN_UNDECLARED_SELECTOR = YES;
				GCC_WARN_UNINITIALIZED_AUTOS = YES_AGGRESSIVE;
				GCC_WARN_UNUSED_FUNCTION = YES;
				GCC_WARN_UNUSED_VARIABLE = YES;
				IPHONEOS_DEPLOYMENT_TARGET = 8.1;
				MTL_ENABLE_DEBUG_INFO = NO;
				SDKROOT = iphoneos;
				VALIDATE_PRODUCT = YES;
			};
			name = Release;
		};
		345BB09D1A041FFE0056330A /* Debug */ = {
			isa = XCBuildConfiguration;
			buildSettings = {
				ASSETCATALOG_COMPILER_APPICON_NAME = AppIcon;
				INFOPLIST_FILE = "Secure Photos/Info.plist";
				LD_RUNPATH_SEARCH_PATHS = "$(inherited) @executable_path/Frameworks";
				PRODUCT_NAME = "$(TARGET_NAME)";
			};
			name = Debug;
		};
		345BB09E1A041FFE0056330A /* Release */ = {
			isa = XCBuildConfiguration;
			buildSettings = {
				ASSETCATALOG_COMPILER_APPICON_NAME = AppIcon;
				INFOPLIST_FILE = "Secure Photos/Info.plist";
				LD_RUNPATH_SEARCH_PATHS = "$(inherited) @executable_path/Frameworks";
				PRODUCT_NAME = "$(TARGET_NAME)";
			};
			name = Release;
		};
		345BB0A01A041FFE0056330A /* Debug */ = {
			isa = XCBuildConfiguration;
			buildSettings = {
				BUNDLE_LOADER = "$(TEST_HOST)";
				FRAMEWORK_SEARCH_PATHS = (
					"$(SDKROOT)/Developer/Library/Frameworks",
					"$(inherited)",
				);
				GCC_PREPROCESSOR_DEFINITIONS = (
					"DEBUG=1",
					"$(inherited)",
				);
				INFOPLIST_FILE = "Secure PhotosTests/Info.plist";
				LD_RUNPATH_SEARCH_PATHS = "$(inherited) @executable_path/Frameworks @loader_path/Frameworks";
				PRODUCT_NAME = "$(TARGET_NAME)";
				TEST_HOST = "$(BUILT_PRODUCTS_DIR)/Secure Photos.app/Secure Photos";
			};
			name = Debug;
		};
		345BB0A11A041FFE0056330A /* Release */ = {
			isa = XCBuildConfiguration;
			buildSettings = {
				BUNDLE_LOADER = "$(TEST_HOST)";
				FRAMEWORK_SEARCH_PATHS = (
					"$(SDKROOT)/Developer/Library/Frameworks",
					"$(inherited)",
				);
				INFOPLIST_FILE = "Secure PhotosTests/Info.plist";
				LD_RUNPATH_SEARCH_PATHS = "$(inherited) @executable_path/Frameworks @loader_path/Frameworks";
				PRODUCT_NAME = "$(TARGET_NAME)";
				TEST_HOST = "$(BUILT_PRODUCTS_DIR)/Secure Photos.app/Secure Photos";
			};
			name = Release;
		};
/* End XCBuildConfiguration section */

/* Begin XCConfigurationList section */
		345BB0741A041FFE0056330A /* Build configuration list for PBXProject "Secure Photos" */ = {
			isa = XCConfigurationList;
			buildConfigurations = (
				345BB09A1A041FFE0056330A /* Debug */,
				345BB09B1A041FFE0056330A /* Release */,
			);
			defaultConfigurationIsVisible = 0;
			defaultConfigurationName = Release;
		};
		345BB09C1A041FFE0056330A /* Build configuration list for PBXNativeTarget "Secure Photos" */ = {
			isa = XCConfigurationList;
			buildConfigurations = (
				345BB09D1A041FFE0056330A /* Debug */,
				345BB09E1A041FFE0056330A /* Release */,
			);
			defaultConfigurationIsVisible = 0;
		};
		345BB09F1A041FFE0056330A /* Build configuration list for PBXNativeTarget "Secure PhotosTests" */ = {
			isa = XCConfigurationList;
			buildConfigurations = (
				345BB0A01A041FFE0056330A /* Debug */,
				345BB0A11A041FFE0056330A /* Release */,
			);
			defaultConfigurationIsVisible = 0;
		};
/* End XCConfigurationList section */
	};
	rootObject = 345BB0711A041FFE0056330A /* Project object */;
}
